
Microsoft Visual Studio Solution File, Format Version 12.00
# Visual Studio 2013
VisualStudioVersion = 12.0.30723.0
MinimumVisualStudioVersion = 10.0.40219.1
Project("{FAE04EC0-301F-11D3-BF4B-00C04F79EFBC}") = "PyramidPlaningSystem", "PyramidPlaningSystem\PyramidPlaningSystem.csproj", "{06577D12-1F09-4597-82A9-B7464EDBBD17}"
EndProject
Project("{FAE04EC0-301F-11D3-BF4B-00C04F79EFBC}") = "PyramidPlaningSystemTests", "PyramidPlaningSystemTests\PyramidPlaningSystemTests.csproj", "{4FA80043-4C06-437A-999C-B2F5E6689F32}"
EndProject
Project("{2150E333-8FDC-42A3-9474-1A3956D46DE8}") = ".nuget", ".nuget", "{A07E1806-DAF4-4D73-9893-A70085C32761}"
	ProjectSection(SolutionItems) = preProject
		.nuget\packages.config = .nuget\packages.config
	EndProjectSection
EndProject
Global
	GlobalSection(SolutionConfigurationPlatforms) = preSolution
		Debug|Any CPU = Debug|Any CPU
		Release|Any CPU = Release|Any CPU
	EndGlobalSection
	GlobalSection(ProjectConfigurationPlatforms) = postSolution
		{06577D12-1F09-4597-82A9-B7464EDBBD17}.Debug|Any CPU.ActiveCfg = Debug|Any CPU
		{06577D12-1F09-4597-82A9-B7464EDBBD17}.Debug|Any CPU.Build.0 = Debug|Any CPU
		{06577D12-1F09-4597-82A9-B7464EDBBD17}.Release|Any CPU.ActiveCfg = Release|Any CPU
		{06577D12-1F09-4597-82A9-B7464EDBBD17}.Release|Any CPU.Build.0 = Release|Any CPU
		{4FA80043-4C06-437A-999C-B2F5E6689F32}.Debug|Any CPU.ActiveCfg = Debug|Any CPU
		{4FA80043-4C06-437A-999C-B2F5E6689F32}.Debug|Any CPU.Build.0 = Debug|Any CPU
		{4FA80043-4C06-437A-999C-B2F5E6689F32}.Release|Any CPU.ActiveCfg = Release|Any CPU
		{4FA80043-4C06-437A-999C-B2F5E6689F32}.Release|Any CPU.Build.0 = Release|Any CPU
	EndGlobalSection
	GlobalSection(SolutionProperties) = preSolution
		HideSolutionNode = FALSE
	EndGlobalSection
EndGlobal
